
Microsoft Visual Studio Solution File, Format Version 12.00
# Visual Studio 15
VisualStudioVersion = 15.0.27703.2026
MinimumVisualStudioVersion = 10.0.40219.1
Project("{2150E333-8FDC-42A3-9474-1A3956D46DE8}") = "src", "src", "{711E0ECF-8F3C-4D8F-B4CD-1FF4667BE126}"
EndProject
Project("{2150E333-8FDC-42A3-9474-1A3956D46DE8}") = "tests", "tests", "{B13A8762-22EC-4027-AC54-B2E6C3A1D173}"
EndProject
Project("{9A19103F-16F7-4668-BE54-9A1E7A4F7556}") = "MyProject.Api", "src\server\MyProject.Api\MyProject.Api.csproj", "{1C37E9FD-5F73-43F1-BB5A-F45D4C5BE130}"
EndProject
Project("{9A19103F-16F7-4668-BE54-9A1E7A4F7556}") = "MyProject.Business", "src\server\MyProject.Business\MyProject.Business.csproj", "{D7F2DDA0-0360-4D5D-9E9A-A5FBFF090F88}"
EndProject
Project("{9A19103F-16F7-4668-BE54-9A1E7A4F7556}") = "MyProject.Business.Tests", "tests\MyProject.Business.Tests\MyProject.Business.Tests.csproj", "{39328377-C50E-409A-8586-E77C2C6283F6}"
EndProject
Project("{9A19103F-16F7-4668-BE54-9A1E7A4F7556}") = "MyProject.Core", "src\server\MyProject.Core\MyProject.Core.csproj", "{DEB6BBD0-FC18-42A2-90C6-F9771999FA8E}"
EndProject
Project("{9A19103F-16F7-4668-BE54-9A1E7A4F7556}") = "MyProject.Data", "src\server\MyProject.Data\MyProject.Data.csproj", "{E6341E65-1983-40D9-81E8-F8DC59AE0408}"
EndProject
Project("{9A19103F-16F7-4668-BE54-9A1E7A4F7556}") = "MyProject.Data.EntityFramework", "src\server\MyProject.Data.EntityFramework\MyProject.Data.EntityFramework.csproj", "{DD0F50E0-F33E-46AD-9F76-AD6437784FA8}"
EndProject
Global
	GlobalSection(SolutionConfigurationPlatforms) = preSolution
		Debug|Any CPU = Debug|Any CPU
		Release|Any CPU = Release|Any CPU
	EndGlobalSection
	GlobalSection(ProjectConfigurationPlatforms) = postSolution
		{1C37E9FD-5F73-43F1-BB5A-F45D4C5BE130}.Debug|Any CPU.ActiveCfg = Debug|Any CPU
		{1C37E9FD-5F73-43F1-BB5A-F45D4C5BE130}.Debug|Any CPU.Build.0 = Debug|Any CPU
		{1C37E9FD-5F73-43F1-BB5A-F45D4C5BE130}.Release|Any CPU.ActiveCfg = Release|Any CPU
		{1C37E9FD-5F73-43F1-BB5A-F45D4C5BE130}.Release|Any CPU.Build.0 = Release|Any CPU
		{D7F2DDA0-0360-4D5D-9E9A-A5FBFF090F88}.Debug|Any CPU.ActiveCfg = Debug|Any CPU
		{D7F2DDA0-0360-4D5D-9E9A-A5FBFF090F88}.Debug|Any CPU.Build.0 = Debug|Any CPU
		{D7F2DDA0-0360-4D5D-9E9A-A5FBFF090F88}.Release|Any CPU.ActiveCfg = Release|Any CPU
		{D7F2DDA0-0360-4D5D-9E9A-A5FBFF090F88}.Release|Any CPU.Build.0 = Release|Any CPU
		{39328377-C50E-409A-8586-E77C2C6283F6}.Debug|Any CPU.ActiveCfg = Debug|Any CPU
		{39328377-C50E-409A-8586-E77C2C6283F6}.Debug|Any CPU.Build.0 = Debug|Any CPU
		{39328377-C50E-409A-8586-E77C2C6283F6}.Release|Any CPU.ActiveCfg = Release|Any CPU
		{39328377-C50E-409A-8586-E77C2C6283F6}.Release|Any CPU.Build.0 = Release|Any CPU
		{DEB6BBD0-FC18-42A2-90C6-F9771999FA8E}.Debug|Any CPU.ActiveCfg = Debug|Any CPU
		{DEB6BBD0-FC18-42A2-90C6-F9771999FA8E}.Debug|Any CPU.Build.0 = Debug|Any CPU
		{DEB6BBD0-FC18-42A2-90C6-F9771999FA8E}.Release|Any CPU.ActiveCfg = Release|Any CPU
		{DEB6BBD0-FC18-42A2-90C6-F9771999FA8E}.Release|Any CPU.Build.0 = Release|Any CPU
		{E6341E65-1983-40D9-81E8-F8DC59AE0408}.Debug|Any CPU.ActiveCfg = Debug|Any CPU
		{E6341E65-1983-40D9-81E8-F8DC59AE0408}.Debug|Any CPU.Build.0 = Debug|Any CPU
		{E6341E65-1983-40D9-81E8-F8DC59AE0408}.Release|Any CPU.ActiveCfg = Release|Any CPU
		{E6341E65-1983-40D9-81E8-F8DC59AE0408}.Release|Any CPU.Build.0 = Release|Any CPU
		{DD0F50E0-F33E-46AD-9F76-AD6437784FA8}.Debug|Any CPU.ActiveCfg = Debug|Any CPU
		{DD0F50E0-F33E-46AD-9F76-AD6437784FA8}.Debug|Any CPU.Build.0 = Debug|Any CPU
		{DD0F50E0-F33E-46AD-9F76-AD6437784FA8}.Release|Any CPU.ActiveCfg = Release|Any CPU
		{DD0F50E0-F33E-46AD-9F76-AD6437784FA8}.Release|Any CPU.Build.0 = Release|Any CPU
	EndGlobalSection
	GlobalSection(SolutionProperties) = preSolution
		HideSolutionNode = FALSE
	EndGlobalSection
	GlobalSection(NestedProjects) = preSolution
		{1C37E9FD-5F73-43F1-BB5A-F45D4C5BE130} = {711E0ECF-8F3C-4D8F-B4CD-1FF4667BE126}
		{D7F2DDA0-0360-4D5D-9E9A-A5FBFF090F88} = {711E0ECF-8F3C-4D8F-B4CD-1FF4667BE126}
		{39328377-C50E-409A-8586-E77C2C6283F6} = {B13A8762-22EC-4027-AC54-B2E6C3A1D173}
		{DEB6BBD0-FC18-42A2-90C6-F9771999FA8E} = {711E0ECF-8F3C-4D8F-B4CD-1FF4667BE126}
		{E6341E65-1983-40D9-81E8-F8DC59AE0408} = {711E0ECF-8F3C-4D8F-B4CD-1FF4667BE126}
		{DD0F50E0-F33E-46AD-9F76-AD6437784FA8} = {711E0ECF-8F3C-4D8F-B4CD-1FF4667BE126}
	EndGlobalSection
	GlobalSection(ExtensibilityGlobals) = postSolution
		SolutionGuid = {37CCA00B-6187-4EEB-8D65-DDA7564EF6AB}
	EndGlobalSection
EndGlobal
