
Microsoft Visual Studio Solution File, Format Version 12.00
# Visual Studio 15
VisualStudioVersion = 15.0.27703.2026
MinimumVisualStudioVersion = 10.0.40219.1
Project("{2150E333-8FDC-42A3-9474-1A3956D46DE8}") = "src", "src", "{EFEAB351-2CF0-4127-959C-ED5486BE2A0E}"
EndProject
Project("{2150E333-8FDC-42A3-9474-1A3956D46DE8}") = "tests", "tests", "{4E022BF8-30E5-4ACD-9A38-15D94C1292CD}"
EndProject
Project("{9A19103F-16F7-4668-BE54-9A1E7A4F7556}") = "MyProject.Api", "src\server\MyProject.Api\MyProject.Api.csproj", "{091B194C-9941-4235-862D-013075B59857}"
EndProject
Project("{9A19103F-16F7-4668-BE54-9A1E7A4F7556}") = "MyProject.Business", "src\server\MyProject.Business\MyProject.Business.csproj", "{DBF95239-9A76-407F-9954-EE0956C4F0F2}"
EndProject
Project("{9A19103F-16F7-4668-BE54-9A1E7A4F7556}") = "MyProject.Business.Tests", "tests\MyProject.Business.Tests\MyProject.Business.Tests.csproj", "{125383A7-8496-4702-B191-0B29278CE95C}"
EndProject
Project("{9A19103F-16F7-4668-BE54-9A1E7A4F7556}") = "MyProject.Core", "src\server\MyProject.Core\MyProject.Core.csproj", "{2FD5EE42-ACD3-448D-AFFF-6D3A41BAB752}"
EndProject
Project("{9A19103F-16F7-4668-BE54-9A1E7A4F7556}") = "MyProject.Data", "src\server\MyProject.Data\MyProject.Data.csproj", "{DE979672-F55B-450F-B5EA-86DD87073983}"
EndProject
Project("{9A19103F-16F7-4668-BE54-9A1E7A4F7556}") = "MyProject.Data.EntityFramework", "src\server\MyProject.Data.EntityFramework\MyProject.Data.EntityFramework.csproj", "{071E8CAF-B74E-4A42-810B-724294E96D37}"
EndProject
Global
	GlobalSection(SolutionConfigurationPlatforms) = preSolution
		Debug|Any CPU = Debug|Any CPU
		Release|Any CPU = Release|Any CPU
	EndGlobalSection
	GlobalSection(ProjectConfigurationPlatforms) = postSolution
		{091B194C-9941-4235-862D-013075B59857}.Debug|Any CPU.ActiveCfg = Debug|Any CPU
		{091B194C-9941-4235-862D-013075B59857}.Debug|Any CPU.Build.0 = Debug|Any CPU
		{091B194C-9941-4235-862D-013075B59857}.Release|Any CPU.ActiveCfg = Release|Any CPU
		{091B194C-9941-4235-862D-013075B59857}.Release|Any CPU.Build.0 = Release|Any CPU
		{DBF95239-9A76-407F-9954-EE0956C4F0F2}.Debug|Any CPU.ActiveCfg = Debug|Any CPU
		{DBF95239-9A76-407F-9954-EE0956C4F0F2}.Debug|Any CPU.Build.0 = Debug|Any CPU
		{DBF95239-9A76-407F-9954-EE0956C4F0F2}.Release|Any CPU.ActiveCfg = Release|Any CPU
		{DBF95239-9A76-407F-9954-EE0956C4F0F2}.Release|Any CPU.Build.0 = Release|Any CPU
		{125383A7-8496-4702-B191-0B29278CE95C}.Debug|Any CPU.ActiveCfg = Debug|Any CPU
		{125383A7-8496-4702-B191-0B29278CE95C}.Debug|Any CPU.Build.0 = Debug|Any CPU
		{125383A7-8496-4702-B191-0B29278CE95C}.Release|Any CPU.ActiveCfg = Release|Any CPU
		{125383A7-8496-4702-B191-0B29278CE95C}.Release|Any CPU.Build.0 = Release|Any CPU
		{2FD5EE42-ACD3-448D-AFFF-6D3A41BAB752}.Debug|Any CPU.ActiveCfg = Debug|Any CPU
		{2FD5EE42-ACD3-448D-AFFF-6D3A41BAB752}.Debug|Any CPU.Build.0 = Debug|Any CPU
		{2FD5EE42-ACD3-448D-AFFF-6D3A41BAB752}.Release|Any CPU.ActiveCfg = Release|Any CPU
		{2FD5EE42-ACD3-448D-AFFF-6D3A41BAB752}.Release|Any CPU.Build.0 = Release|Any CPU
		{DE979672-F55B-450F-B5EA-86DD87073983}.Debug|Any CPU.ActiveCfg = Debug|Any CPU
		{DE979672-F55B-450F-B5EA-86DD87073983}.Debug|Any CPU.Build.0 = Debug|Any CPU
		{DE979672-F55B-450F-B5EA-86DD87073983}.Release|Any CPU.ActiveCfg = Release|Any CPU
		{DE979672-F55B-450F-B5EA-86DD87073983}.Release|Any CPU.Build.0 = Release|Any CPU
		{071E8CAF-B74E-4A42-810B-724294E96D37}.Debug|Any CPU.ActiveCfg = Debug|Any CPU
		{071E8CAF-B74E-4A42-810B-724294E96D37}.Debug|Any CPU.Build.0 = Debug|Any CPU
		{071E8CAF-B74E-4A42-810B-724294E96D37}.Release|Any CPU.ActiveCfg = Release|Any CPU
		{071E8CAF-B74E-4A42-810B-724294E96D37}.Release|Any CPU.Build.0 = Release|Any CPU
	EndGlobalSection
	GlobalSection(SolutionProperties) = preSolution
		HideSolutionNode = FALSE
	EndGlobalSection
	GlobalSection(NestedProjects) = preSolution
		{091B194C-9941-4235-862D-013075B59857} = {EFEAB351-2CF0-4127-959C-ED5486BE2A0E}
		{DBF95239-9A76-407F-9954-EE0956C4F0F2} = {EFEAB351-2CF0-4127-959C-ED5486BE2A0E}
		{125383A7-8496-4702-B191-0B29278CE95C} = {4E022BF8-30E5-4ACD-9A38-15D94C1292CD}
		{2FD5EE42-ACD3-448D-AFFF-6D3A41BAB752} = {EFEAB351-2CF0-4127-959C-ED5486BE2A0E}
		{DE979672-F55B-450F-B5EA-86DD87073983} = {EFEAB351-2CF0-4127-959C-ED5486BE2A0E}
		{071E8CAF-B74E-4A42-810B-724294E96D37} = {EFEAB351-2CF0-4127-959C-ED5486BE2A0E}
	EndGlobalSection
	GlobalSection(ExtensibilityGlobals) = postSolution
		SolutionGuid = {3536DA8E-D28A-46C6-9985-74E512D97569}
	EndGlobalSection
EndGlobal
