
Microsoft Visual Studio Solution File, Format Version 12.00
# Visual Studio Version 16
VisualStudioVersion = 16.0.28315.86
MinimumVisualStudioVersion = 10.0.40219.1
Project("{FAE04EC0-301F-11D3-BF4B-00C04F79EFBC}") = "NetCoreTemplateWizard", "NetCoreTemplateWizard\NetCoreTemplateWizard.csproj", "{1726E0F3-D13F-442E-A6CF-E1C8E6BE22FA}"
EndProject
Project("{FAE04EC0-301F-11D3-BF4B-00C04F79EFBC}") = "NetCoreTemplate21", "NetCoreTemplate21\NetCoreTemplate21.csproj", "{4ABE226A-5828-4E5F-89A0-6D7DC97EBDB9}"
EndProject
Global
	GlobalSection(SolutionConfigurationPlatforms) = preSolution
		Debug|Any CPU = Debug|Any CPU
		Release|Any CPU = Release|Any CPU
	EndGlobalSection
	GlobalSection(ProjectConfigurationPlatforms) = postSolution
		{1726E0F3-D13F-442E-A6CF-E1C8E6BE22FA}.Debug|Any CPU.ActiveCfg = Debug|Any CPU
		{1726E0F3-D13F-442E-A6CF-E1C8E6BE22FA}.Debug|Any CPU.Build.0 = Debug|Any CPU
		{1726E0F3-D13F-442E-A6CF-E1C8E6BE22FA}.Release|Any CPU.ActiveCfg = Release|Any CPU
		{1726E0F3-D13F-442E-A6CF-E1C8E6BE22FA}.Release|Any CPU.Build.0 = Release|Any CPU
		{4ABE226A-5828-4E5F-89A0-6D7DC97EBDB9}.Debug|Any CPU.ActiveCfg = Debug|Any CPU
		{4ABE226A-5828-4E5F-89A0-6D7DC97EBDB9}.Debug|Any CPU.Build.0 = Debug|Any CPU
		{4ABE226A-5828-4E5F-89A0-6D7DC97EBDB9}.Release|Any CPU.ActiveCfg = Release|Any CPU
		{4ABE226A-5828-4E5F-89A0-6D7DC97EBDB9}.Release|Any CPU.Build.0 = Release|Any CPU
	EndGlobalSection
	GlobalSection(SolutionProperties) = preSolution
		HideSolutionNode = FALSE
	EndGlobalSection
	GlobalSection(ExtensibilityGlobals) = postSolution
		SolutionGuid = {C82FD1FE-F3E8-4529-8BA1-2D1A7A3F4883}
	EndGlobalSection
EndGlobal
